
Microsoft Visual Studio Solution File, Format Version 12.00
# Visual Studio 2013
VisualStudioVersion = 12.0.21005.1
MinimumVisualStudioVersion = 10.0.40219.1
Project("{FAE04EC0-301F-11D3-BF4B-00C04F79EFBC}") = "Util.Core", "Util\Util.Core.csproj", "{EECE9B01-394B-4B1A-964A-6D9DCEF14FA2}"
EndProject
Project("{FAE04EC0-301F-11D3-BF4B-00C04F79EFBC}") = "01-Util.Tests", "Util.Tests\01-Util.Tests.csproj", "{59EC738E-8E52-41C8-B20F-F2A89B322CDA}"
EndProject
Project("{2150E333-8FDC-42A3-9474-1A3956D46DE8}") = "01-Core", "01-Core", "{5419C780-3739-42E0-A66C-80429960B716}"
EndProject
Project("{2150E333-8FDC-42A3-9474-1A3956D46DE8}") = "06-Domains", "06-Domains", "{984FCFD4-0EAC-48F9-94C9-9000D54C0C10}"
EndProject
Project("{FAE04EC0-301F-11D3-BF4B-00C04F79EFBC}") = "Util.Domains", "Util.Domains\Util.Domains.csproj", "{69EDFBA0-F39E-421B-9949-253F8B269B22}"
EndProject
Project("{2150E333-8FDC-42A3-9474-1A3956D46DE8}") = "07-Datas", "07-Datas", "{74ED406D-45B4-42F8-9E05-DA0024F20AC5}"
EndProject
Project("{FAE04EC0-301F-11D3-BF4B-00C04F79EFBC}") = "03-Util.Datas.Ef", "Util.Datas.Ef\03-Util.Datas.Ef.csproj", "{DA4712EE-1E4F-4792-8ED5-E17C17C6CE73}"
EndProject
Project("{FAE04EC0-301F-11D3-BF4B-00C04F79EFBC}") = "01-Util.Datas", "Util.Datas\01-Util.Datas.csproj", "{C4B929B6-117B-4C6F-A92B-EEB07309BEE5}"
EndProject
Project("{FAE04EC0-301F-11D3-BF4B-00C04F79EFBC}") = "Util.ApplicationServices", "Util.ApplicationServices\Util.ApplicationServices.csproj", "{5D5BEF53-C733-4E5C-B28B-52E3A5B7F3C9}"
EndProject
Project("{2150E333-8FDC-42A3-9474-1A3956D46DE8}") = "11-Tests", "11-Tests", "{344E986F-C559-4157-B6F1-DCB6EF6DD822}"
EndProject
Project("{2150E333-8FDC-42A3-9474-1A3956D46DE8}") = "09-Webs", "09-Webs", "{CDBDDF15-395D-4AC6-887C-49ADABD55E64}"
EndProject
Project("{FAE04EC0-301F-11D3-BF4B-00C04F79EFBC}") = "Util.Webs", "Util.Webs\Util.Webs.csproj", "{767E1C43-C168-44E4-8CF1-69D001EFAA59}"
EndProject
Project("{FAE04EC0-301F-11D3-BF4B-00C04F79EFBC}") = "Util.Webs.EasyUi", "Util.Webs.EasyUi\Util.Webs.EasyUi.csproj", "{194E31A3-1CE9-4CCC-B95B-412498EEDD25}"
EndProject
Project("{2150E333-8FDC-42A3-9474-1A3956D46DE8}") = "02-Ioc", "02-Ioc", "{9A447D02-5D0B-44B4-934C-B4F4F75A58CB}"
EndProject
Project("{FAE04EC0-301F-11D3-BF4B-00C04F79EFBC}") = "Util.DI.Autofac", "Util.DI.Autofac\Util.DI.Autofac.csproj", "{745E6176-EC18-4AF5-BE4B-0075312DE637}"
EndProject
Project("{2150E333-8FDC-42A3-9474-1A3956D46DE8}") = "08-Services", "08-Services", "{E164BCF8-07E4-417F-B0C8-F99DA1D0BB1D}"
EndProject
Project("{FAE04EC0-301F-11D3-BF4B-00C04F79EFBC}") = "08-Util.Webs.EasyUi.Tests", "Util.Webs.EasyUi.Tests\08-Util.Webs.EasyUi.Tests.csproj", "{C2C6E236-1A24-4BF8-82BD-9D6784C272A8}"
EndProject
Project("{2150E333-8FDC-42A3-9474-1A3956D46DE8}") = "03-Json", "03-Json", "{C008DF60-53C7-4992-A1D5-81D89AAE0E4C}"
EndProject
Project("{FAE04EC0-301F-11D3-BF4B-00C04F79EFBC}") = "Util.Json", "Util.Json\Util.Json.csproj", "{ED8E071E-AACA-4797-9AA7-7B03DAD45225}"
EndProject
Project("{2150E333-8FDC-42A3-9474-1A3956D46DE8}") = "05-Logs", "05-Logs", "{E568008A-C549-418B-BE45-9DC3F328B095}"
EndProject
Project("{FAE04EC0-301F-11D3-BF4B-00C04F79EFBC}") = "Util.Logs.Log4", "Util.Logs.Log4\Util.Logs.Log4.csproj", "{E4F100CF-3865-4F20-A87A-33A009DAFA8C}"
EndProject
Project("{2150E333-8FDC-42A3-9474-1A3956D46DE8}") = "04-Security", "04-Security", "{E0DDB62D-1252-44AB-9FBF-A6D72836722F}"
EndProject
Project("{FAE04EC0-301F-11D3-BF4B-00C04F79EFBC}") = "Util.Security", "Util.Security\Util.Security.csproj", "{A0F4B251-CCE2-4F7D-AFC1-37651D8A131F}"
EndProject
Project("{2150E333-8FDC-42A3-9474-1A3956D46DE8}") = "10-Uploaders", "10-Uploaders", "{F9DFC46A-89F0-488D-AE26-51F9A7B5D747}"
EndProject
Project("{FAE04EC0-301F-11D3-BF4B-00C04F79EFBC}") = "Util.Uploaders.WebUploader", "Util.Uploaders.WebUploader\Util.Uploaders.WebUploader.csproj", "{9F0E1C7E-5830-465E-81EC-A0D370F64B81}"
EndProject
Project("{FAE04EC0-301F-11D3-BF4B-00C04F79EFBC}") = "02-Util.DI.Autofac.Tests", "Util.DI.Autofac.Tests\02-Util.DI.Autofac.Tests.csproj", "{38053FE6-BD39-4958-B4B5-06A346FDC064}"
EndProject
Project("{FAE04EC0-301F-11D3-BF4B-00C04F79EFBC}") = "03-Util.Security.Tests", "Util.Security.Tests\03-Util.Security.Tests.csproj", "{ECDBF35A-585A-40A8-8139-A68448A3119B}"
EndProject
Project("{FAE04EC0-301F-11D3-BF4B-00C04F79EFBC}") = "04-Util.Domains.Tests", "Util.Domains.Tests\04-Util.Domains.Tests.csproj", "{5AE2A062-05DF-44E5-9CCA-E930AF7E3B58}"
EndProject
Project("{FAE04EC0-301F-11D3-BF4B-00C04F79EFBC}") = "05-Util.Datas.Tests", "Util.Datas.Tests\05-Util.Datas.Tests.csproj", "{665152B8-3187-4DD6-880F-399CA8706525}"
EndProject
Project("{FAE04EC0-301F-11D3-BF4B-00C04F79EFBC}") = "02-Util.Datas.Sql", "Util.Datas.Sql\02-Util.Datas.Sql.csproj", "{F43F7230-2CF2-4F5D-A668-A116771A6E2C}"
EndProject
Project("{FAE04EC0-301F-11D3-BF4B-00C04F79EFBC}") = "04-Util.Datas.SqlServer", "Util.Datas.SqlServer\04-Util.Datas.SqlServer.csproj", "{EF0514A0-339C-4846-A3D6-5F41F3C2DC31}"
EndProject
Project("{FAE04EC0-301F-11D3-BF4B-00C04F79EFBC}") = "06-Util.ApplicationServices.Tests", "Util.ApplicationServices.Tests\06-Util.ApplicationServices.Tests.csproj", "{132779CB-65BA-4F4C-96B5-5AC5A3A8CD50}"
EndProject
Project("{FAE04EC0-301F-11D3-BF4B-00C04F79EFBC}") = "07-Util.Webs.Tests", "Util.Webs.Tests\07-Util.Webs.Tests.csproj", "{E6B384DF-560E-40BA-902E-F810E60EC6D3}"
EndProject
Project("{FAE04EC0-301F-11D3-BF4B-00C04F79EFBC}") = "05-Util.Datas.MySql", "Util.Datas.MySql\05-Util.Datas.MySql.csproj", "{1FB8B38D-78BD-40E2-9A28-D390D887FF06}"
EndProject
Global
	GlobalSection(SolutionConfigurationPlatforms) = preSolution
		Debug|Any CPU = Debug|Any CPU
		Release|Any CPU = Release|Any CPU
	EndGlobalSection
	GlobalSection(ProjectConfigurationPlatforms) = postSolution
		{EECE9B01-394B-4B1A-964A-6D9DCEF14FA2}.Debug|Any CPU.ActiveCfg = Debug|Any CPU
		{EECE9B01-394B-4B1A-964A-6D9DCEF14FA2}.Debug|Any CPU.Build.0 = Debug|Any CPU
		{EECE9B01-394B-4B1A-964A-6D9DCEF14FA2}.Release|Any CPU.ActiveCfg = Release|Any CPU
		{EECE9B01-394B-4B1A-964A-6D9DCEF14FA2}.Release|Any CPU.Build.0 = Release|Any CPU
		{59EC738E-8E52-41C8-B20F-F2A89B322CDA}.Debug|Any CPU.ActiveCfg = Debug|Any CPU
		{59EC738E-8E52-41C8-B20F-F2A89B322CDA}.Debug|Any CPU.Build.0 = Debug|Any CPU
		{59EC738E-8E52-41C8-B20F-F2A89B322CDA}.Release|Any CPU.ActiveCfg = Release|Any CPU
		{59EC738E-8E52-41C8-B20F-F2A89B322CDA}.Release|Any CPU.Build.0 = Release|Any CPU
		{69EDFBA0-F39E-421B-9949-253F8B269B22}.Debug|Any CPU.ActiveCfg = Debug|Any CPU
		{69EDFBA0-F39E-421B-9949-253F8B269B22}.Debug|Any CPU.Build.0 = Debug|Any CPU
		{69EDFBA0-F39E-421B-9949-253F8B269B22}.Release|Any CPU.ActiveCfg = Release|Any CPU
		{69EDFBA0-F39E-421B-9949-253F8B269B22}.Release|Any CPU.Build.0 = Release|Any CPU
		{DA4712EE-1E4F-4792-8ED5-E17C17C6CE73}.Debug|Any CPU.ActiveCfg = Debug|Any CPU
		{DA4712EE-1E4F-4792-8ED5-E17C17C6CE73}.Debug|Any CPU.Build.0 = Debug|Any CPU
		{DA4712EE-1E4F-4792-8ED5-E17C17C6CE73}.Release|Any CPU.ActiveCfg = Release|Any CPU
		{DA4712EE-1E4F-4792-8ED5-E17C17C6CE73}.Release|Any CPU.Build.0 = Release|Any CPU
		{C4B929B6-117B-4C6F-A92B-EEB07309BEE5}.Debug|Any CPU.ActiveCfg = Debug|Any CPU
		{C4B929B6-117B-4C6F-A92B-EEB07309BEE5}.Debug|Any CPU.Build.0 = Debug|Any CPU
		{C4B929B6-117B-4C6F-A92B-EEB07309BEE5}.Release|Any CPU.ActiveCfg = Release|Any CPU
		{C4B929B6-117B-4C6F-A92B-EEB07309BEE5}.Release|Any CPU.Build.0 = Release|Any CPU
		{5D5BEF53-C733-4E5C-B28B-52E3A5B7F3C9}.Debug|Any CPU.ActiveCfg = Debug|Any CPU
		{5D5BEF53-C733-4E5C-B28B-52E3A5B7F3C9}.Debug|Any CPU.Build.0 = Debug|Any CPU
		{5D5BEF53-C733-4E5C-B28B-52E3A5B7F3C9}.Release|Any CPU.ActiveCfg = Release|Any CPU
		{5D5BEF53-C733-4E5C-B28B-52E3A5B7F3C9}.Release|Any CPU.Build.0 = Release|Any CPU
		{767E1C43-C168-44E4-8CF1-69D001EFAA59}.Debug|Any CPU.ActiveCfg = Debug|Any CPU
		{767E1C43-C168-44E4-8CF1-69D001EFAA59}.Debug|Any CPU.Build.0 = Debug|Any CPU
		{767E1C43-C168-44E4-8CF1-69D001EFAA59}.Release|Any CPU.ActiveCfg = Release|Any CPU
		{767E1C43-C168-44E4-8CF1-69D001EFAA59}.Release|Any CPU.Build.0 = Release|Any CPU
		{194E31A3-1CE9-4CCC-B95B-412498EEDD25}.Debug|Any CPU.ActiveCfg = Debug|Any CPU
		{194E31A3-1CE9-4CCC-B95B-412498EEDD25}.Debug|Any CPU.Build.0 = Debug|Any CPU
		{194E31A3-1CE9-4CCC-B95B-412498EEDD25}.Release|Any CPU.ActiveCfg = Release|Any CPU
		{194E31A3-1CE9-4CCC-B95B-412498EEDD25}.Release|Any CPU.Build.0 = Release|Any CPU
		{745E6176-EC18-4AF5-BE4B-0075312DE637}.Debug|Any CPU.ActiveCfg = Debug|Any CPU
		{745E6176-EC18-4AF5-BE4B-0075312DE637}.Debug|Any CPU.Build.0 = Debug|Any CPU
		{745E6176-EC18-4AF5-BE4B-0075312DE637}.Release|Any CPU.ActiveCfg = Release|Any CPU
		{745E6176-EC18-4AF5-BE4B-0075312DE637}.Release|Any CPU.Build.0 = Release|Any CPU
		{C2C6E236-1A24-4BF8-82BD-9D6784C272A8}.Debug|Any CPU.ActiveCfg = Debug|Any CPU
		{C2C6E236-1A24-4BF8-82BD-9D6784C272A8}.Debug|Any CPU.Build.0 = Debug|Any CPU
		{C2C6E236-1A24-4BF8-82BD-9D6784C272A8}.Release|Any CPU.ActiveCfg = Release|Any CPU
		{C2C6E236-1A24-4BF8-82BD-9D6784C272A8}.Release|Any CPU.Build.0 = Release|Any CPU
		{ED8E071E-AACA-4797-9AA7-7B03DAD45225}.Debug|Any CPU.ActiveCfg = Debug|Any CPU
		{ED8E071E-AACA-4797-9AA7-7B03DAD45225}.Debug|Any CPU.Build.0 = Debug|Any CPU
		{ED8E071E-AACA-4797-9AA7-7B03DAD45225}.Release|Any CPU.ActiveCfg = Release|Any CPU
		{ED8E071E-AACA-4797-9AA7-7B03DAD45225}.Release|Any CPU.Build.0 = Release|Any CPU
		{E4F100CF-3865-4F20-A87A-33A009DAFA8C}.Debug|Any CPU.ActiveCfg = Debug|Any CPU
		{E4F100CF-3865-4F20-A87A-33A009DAFA8C}.Debug|Any CPU.Build.0 = Debug|Any CPU
		{E4F100CF-3865-4F20-A87A-33A009DAFA8C}.Release|Any CPU.ActiveCfg = Release|Any CPU
		{E4F100CF-3865-4F20-A87A-33A009DAFA8C}.Release|Any CPU.Build.0 = Release|Any CPU
		{A0F4B251-CCE2-4F7D-AFC1-37651D8A131F}.Debug|Any CPU.ActiveCfg = Debug|Any CPU
		{A0F4B251-CCE2-4F7D-AFC1-37651D8A131F}.Debug|Any CPU.Build.0 = Debug|Any CPU
		{A0F4B251-CCE2-4F7D-AFC1-37651D8A131F}.Release|Any CPU.ActiveCfg = Release|Any CPU
		{A0F4B251-CCE2-4F7D-AFC1-37651D8A131F}.Release|Any CPU.Build.0 = Release|Any CPU
		{9F0E1C7E-5830-465E-81EC-A0D370F64B81}.Debug|Any CPU.ActiveCfg = Debug|Any CPU
		{9F0E1C7E-5830-465E-81EC-A0D370F64B81}.Debug|Any CPU.Build.0 = Debug|Any CPU
		{9F0E1C7E-5830-465E-81EC-A0D370F64B81}.Release|Any CPU.ActiveCfg = Release|Any CPU
		{9F0E1C7E-5830-465E-81EC-A0D370F64B81}.Release|Any CPU.Build.0 = Release|Any CPU
		{38053FE6-BD39-4958-B4B5-06A346FDC064}.Debug|Any CPU.ActiveCfg = Debug|Any CPU
		{38053FE6-BD39-4958-B4B5-06A346FDC064}.Debug|Any CPU.Build.0 = Debug|Any CPU
		{38053FE6-BD39-4958-B4B5-06A346FDC064}.Release|Any CPU.ActiveCfg = Release|Any CPU
		{38053FE6-BD39-4958-B4B5-06A346FDC064}.Release|Any CPU.Build.0 = Release|Any CPU
		{ECDBF35A-585A-40A8-8139-A68448A3119B}.Debug|Any CPU.ActiveCfg = Debug|Any CPU
		{ECDBF35A-585A-40A8-8139-A68448A3119B}.Debug|Any CPU.Build.0 = Debug|Any CPU
		{ECDBF35A-585A-40A8-8139-A68448A3119B}.Release|Any CPU.ActiveCfg = Release|Any CPU
		{ECDBF35A-585A-40A8-8139-A68448A3119B}.Release|Any CPU.Build.0 = Release|Any CPU
		{5AE2A062-05DF-44E5-9CCA-E930AF7E3B58}.Debug|Any CPU.ActiveCfg = Debug|Any CPU
		{5AE2A062-05DF-44E5-9CCA-E930AF7E3B58}.Debug|Any CPU.Build.0 = Debug|Any CPU
		{5AE2A062-05DF-44E5-9CCA-E930AF7E3B58}.Release|Any CPU.ActiveCfg = Release|Any CPU
		{5AE2A062-05DF-44E5-9CCA-E930AF7E3B58}.Release|Any CPU.Build.0 = Release|Any CPU
		{665152B8-3187-4DD6-880F-399CA8706525}.Debug|Any CPU.ActiveCfg = Debug|Any CPU
		{665152B8-3187-4DD6-880F-399CA8706525}.Debug|Any CPU.Build.0 = Debug|Any CPU
		{665152B8-3187-4DD6-880F-399CA8706525}.Release|Any CPU.ActiveCfg = Release|Any CPU
		{665152B8-3187-4DD6-880F-399CA8706525}.Release|Any CPU.Build.0 = Release|Any CPU
		{F43F7230-2CF2-4F5D-A668-A116771A6E2C}.Debug|Any CPU.ActiveCfg = Debug|Any CPU
		{F43F7230-2CF2-4F5D-A668-A116771A6E2C}.Debug|Any CPU.Build.0 = Debug|Any CPU
		{F43F7230-2CF2-4F5D-A668-A116771A6E2C}.Release|Any CPU.ActiveCfg = Release|Any CPU
		{F43F7230-2CF2-4F5D-A668-A116771A6E2C}.Release|Any CPU.Build.0 = Release|Any CPU
		{EF0514A0-339C-4846-A3D6-5F41F3C2DC31}.Debug|Any CPU.ActiveCfg = Debug|Any CPU
		{EF0514A0-339C-4846-A3D6-5F41F3C2DC31}.Debug|Any CPU.Build.0 = Debug|Any CPU
		{EF0514A0-339C-4846-A3D6-5F41F3C2DC31}.Release|Any CPU.ActiveCfg = Release|Any CPU
		{EF0514A0-339C-4846-A3D6-5F41F3C2DC31}.Release|Any CPU.Build.0 = Release|Any CPU
		{132779CB-65BA-4F4C-96B5-5AC5A3A8CD50}.Debug|Any CPU.ActiveCfg = Debug|Any CPU
		{132779CB-65BA-4F4C-96B5-5AC5A3A8CD50}.Debug|Any CPU.Build.0 = Debug|Any CPU
		{132779CB-65BA-4F4C-96B5-5AC5A3A8CD50}.Release|Any CPU.ActiveCfg = Release|Any CPU
		{132779CB-65BA-4F4C-96B5-5AC5A3A8CD50}.Release|Any CPU.Build.0 = Release|Any CPU
		{E6B384DF-560E-40BA-902E-F810E60EC6D3}.Debug|Any CPU.ActiveCfg = Debug|Any CPU
		{E6B384DF-560E-40BA-902E-F810E60EC6D3}.Debug|Any CPU.Build.0 = Debug|Any CPU
		{E6B384DF-560E-40BA-902E-F810E60EC6D3}.Release|Any CPU.ActiveCfg = Release|Any CPU
		{E6B384DF-560E-40BA-902E-F810E60EC6D3}.Release|Any CPU.Build.0 = Release|Any CPU
		{1FB8B38D-78BD-40E2-9A28-D390D887FF06}.Debug|Any CPU.ActiveCfg = Debug|Any CPU
		{1FB8B38D-78BD-40E2-9A28-D390D887FF06}.Debug|Any CPU.Build.0 = Debug|Any CPU
		{1FB8B38D-78BD-40E2-9A28-D390D887FF06}.Release|Any CPU.ActiveCfg = Release|Any CPU
		{1FB8B38D-78BD-40E2-9A28-D390D887FF06}.Release|Any CPU.Build.0 = Release|Any CPU
	EndGlobalSection
	GlobalSection(SolutionProperties) = preSolution
		HideSolutionNode = FALSE
	EndGlobalSection
	GlobalSection(NestedProjects) = preSolution
		{EECE9B01-394B-4B1A-964A-6D9DCEF14FA2} = {5419C780-3739-42E0-A66C-80429960B716}
		{59EC738E-8E52-41C8-B20F-F2A89B322CDA} = {344E986F-C559-4157-B6F1-DCB6EF6DD822}
		{C2C6E236-1A24-4BF8-82BD-9D6784C272A8} = {344E986F-C559-4157-B6F1-DCB6EF6DD822}
		{38053FE6-BD39-4958-B4B5-06A346FDC064} = {344E986F-C559-4157-B6F1-DCB6EF6DD822}
		{ECDBF35A-585A-40A8-8139-A68448A3119B} = {344E986F-C559-4157-B6F1-DCB6EF6DD822}
		{5AE2A062-05DF-44E5-9CCA-E930AF7E3B58} = {344E986F-C559-4157-B6F1-DCB6EF6DD822}
		{665152B8-3187-4DD6-880F-399CA8706525} = {344E986F-C559-4157-B6F1-DCB6EF6DD822}
		{132779CB-65BA-4F4C-96B5-5AC5A3A8CD50} = {344E986F-C559-4157-B6F1-DCB6EF6DD822}
		{E6B384DF-560E-40BA-902E-F810E60EC6D3} = {344E986F-C559-4157-B6F1-DCB6EF6DD822}
		{69EDFBA0-F39E-421B-9949-253F8B269B22} = {984FCFD4-0EAC-48F9-94C9-9000D54C0C10}
		{DA4712EE-1E4F-4792-8ED5-E17C17C6CE73} = {74ED406D-45B4-42F8-9E05-DA0024F20AC5}
		{C4B929B6-117B-4C6F-A92B-EEB07309BEE5} = {74ED406D-45B4-42F8-9E05-DA0024F20AC5}
		{F43F7230-2CF2-4F5D-A668-A116771A6E2C} = {74ED406D-45B4-42F8-9E05-DA0024F20AC5}
		{EF0514A0-339C-4846-A3D6-5F41F3C2DC31} = {74ED406D-45B4-42F8-9E05-DA0024F20AC5}
		{1FB8B38D-78BD-40E2-9A28-D390D887FF06} = {74ED406D-45B4-42F8-9E05-DA0024F20AC5}
		{5D5BEF53-C733-4E5C-B28B-52E3A5B7F3C9} = {E164BCF8-07E4-417F-B0C8-F99DA1D0BB1D}
		{767E1C43-C168-44E4-8CF1-69D001EFAA59} = {CDBDDF15-395D-4AC6-887C-49ADABD55E64}
		{194E31A3-1CE9-4CCC-B95B-412498EEDD25} = {CDBDDF15-395D-4AC6-887C-49ADABD55E64}
		{745E6176-EC18-4AF5-BE4B-0075312DE637} = {9A447D02-5D0B-44B4-934C-B4F4F75A58CB}
		{ED8E071E-AACA-4797-9AA7-7B03DAD45225} = {C008DF60-53C7-4992-A1D5-81D89AAE0E4C}
		{E4F100CF-3865-4F20-A87A-33A009DAFA8C} = {E568008A-C549-418B-BE45-9DC3F328B095}
		{A0F4B251-CCE2-4F7D-AFC1-37651D8A131F} = {E0DDB62D-1252-44AB-9FBF-A6D72836722F}
		{9F0E1C7E-5830-465E-81EC-A0D370F64B81} = {F9DFC46A-89F0-488D-AE26-51F9A7B5D747}
	EndGlobalSection
EndGlobal
